
Microsoft Visual Studio Solution File, Format Version 12.00
# Visual Studio 2013
VisualStudioVersion = 12.0.40629.0
MinimumVisualStudioVersion = 10.0.40219.1
Project("{FAE04EC0-301F-11D3-BF4B-00C04F79EFBC}") = "FileBox.Model", "FileBox.Model\FileBox.Model.csproj", "{7C88DD05-61F0-4693-AC3F-F559E337619F}"
EndProject
Project("{FAE04EC0-301F-11D3-BF4B-00C04F79EFBC}") = "FileBox.Data", "FileBox.Data\FileBox.Data.csproj", "{F95547D9-B849-4309-91BE-E2C36C23C709}"
EndProject
Project("{FAE04EC0-301F-11D3-BF4B-00C04F79EFBC}") = "FileBox.Service", "FileBox.Service\FileBox.Service.csproj", "{BD6B4D6D-C2A5-4EE1-A108-EE20DBEF104D}"
EndProject
Project("{FAE04EC0-301F-11D3-BF4B-00C04F79EFBC}") = "FileBox.Web", "FileBox.Web\FileBox.Web.csproj", "{12BE993E-5D34-4204-A599-274381905D3D}"
EndProject
Global
	GlobalSection(SolutionConfigurationPlatforms) = preSolution
		Debug|Any CPU = Debug|Any CPU
		Release|Any CPU = Release|Any CPU
	EndGlobalSection
	GlobalSection(ProjectConfigurationPlatforms) = postSolution
		{7C88DD05-61F0-4693-AC3F-F559E337619F}.Debug|Any CPU.ActiveCfg = Debug|Any CPU
		{7C88DD05-61F0-4693-AC3F-F559E337619F}.Debug|Any CPU.Build.0 = Debug|Any CPU
		{7C88DD05-61F0-4693-AC3F-F559E337619F}.Release|Any CPU.ActiveCfg = Release|Any CPU
		{7C88DD05-61F0-4693-AC3F-F559E337619F}.Release|Any CPU.Build.0 = Release|Any CPU
		{F95547D9-B849-4309-91BE-E2C36C23C709}.Debug|Any CPU.ActiveCfg = Debug|Any CPU
		{F95547D9-B849-4309-91BE-E2C36C23C709}.Debug|Any CPU.Build.0 = Debug|Any CPU
		{F95547D9-B849-4309-91BE-E2C36C23C709}.Release|Any CPU.ActiveCfg = Release|Any CPU
		{F95547D9-B849-4309-91BE-E2C36C23C709}.Release|Any CPU.Build.0 = Release|Any CPU
		{BD6B4D6D-C2A5-4EE1-A108-EE20DBEF104D}.Debug|Any CPU.ActiveCfg = Debug|Any CPU
		{BD6B4D6D-C2A5-4EE1-A108-EE20DBEF104D}.Debug|Any CPU.Build.0 = Debug|Any CPU
		{BD6B4D6D-C2A5-4EE1-A108-EE20DBEF104D}.Release|Any CPU.ActiveCfg = Release|Any CPU
		{BD6B4D6D-C2A5-4EE1-A108-EE20DBEF104D}.Release|Any CPU.Build.0 = Release|Any CPU
		{12BE993E-5D34-4204-A599-274381905D3D}.Debug|Any CPU.ActiveCfg = Debug|Any CPU
		{12BE993E-5D34-4204-A599-274381905D3D}.Debug|Any CPU.Build.0 = Debug|Any CPU
		{12BE993E-5D34-4204-A599-274381905D3D}.Release|Any CPU.ActiveCfg = Release|Any CPU
		{12BE993E-5D34-4204-A599-274381905D3D}.Release|Any CPU.Build.0 = Release|Any CPU
	EndGlobalSection
	GlobalSection(SolutionProperties) = preSolution
		HideSolutionNode = FALSE
	EndGlobalSection
EndGlobal
